
Microsoft Visual Studio Solution File, Format Version 12.00
# Visual Studio Version 16
VisualStudioVersion = 16.0.29613.14
MinimumVisualStudioVersion = 10.0.40219.1
Project("{FAE04EC0-301F-11D3-BF4B-00C04F79EFBC}") = "ExchangeReader", "ExchangeReader\ExchangeReader.csproj", "{58355457-95B8-4E56-8FE3-63EDE55817D8}"
EndProject
Project("{FAE04EC0-301F-11D3-BF4B-00C04F79EFBC}") = "CommonData", "CommonData\CommonData.csproj", "{5A5F09FA-F052-43B6-A5E0-DA26DBDB7A1E}"
EndProject
Project("{FAE04EC0-301F-11D3-BF4B-00C04F79EFBC}") = "CryptoExchange", "CryptoExchange\CryptoExchange.csproj", "{8A41DBA1-B9D1-4928-B1A1-8608640A2957}"
EndProject
Global
	GlobalSection(SolutionConfigurationPlatforms) = preSolution
		Debug|Any CPU = Debug|Any CPU
		Release|Any CPU = Release|Any CPU
	EndGlobalSection
	GlobalSection(ProjectConfigurationPlatforms) = postSolution
		{58355457-95B8-4E56-8FE3-63EDE55817D8}.Debug|Any CPU.ActiveCfg = Debug|Any CPU
		{58355457-95B8-4E56-8FE3-63EDE55817D8}.Debug|Any CPU.Build.0 = Debug|Any CPU
		{58355457-95B8-4E56-8FE3-63EDE55817D8}.Release|Any CPU.ActiveCfg = Release|Any CPU
		{58355457-95B8-4E56-8FE3-63EDE55817D8}.Release|Any CPU.Build.0 = Release|Any CPU
		{5A5F09FA-F052-43B6-A5E0-DA26DBDB7A1E}.Debug|Any CPU.ActiveCfg = Debug|Any CPU
		{5A5F09FA-F052-43B6-A5E0-DA26DBDB7A1E}.Debug|Any CPU.Build.0 = Debug|Any CPU
		{5A5F09FA-F052-43B6-A5E0-DA26DBDB7A1E}.Release|Any CPU.ActiveCfg = Release|Any CPU
		{5A5F09FA-F052-43B6-A5E0-DA26DBDB7A1E}.Release|Any CPU.Build.0 = Release|Any CPU
		{8A41DBA1-B9D1-4928-B1A1-8608640A2957}.Debug|Any CPU.ActiveCfg = Debug|Any CPU
		{8A41DBA1-B9D1-4928-B1A1-8608640A2957}.Debug|Any CPU.Build.0 = Debug|Any CPU
		{8A41DBA1-B9D1-4928-B1A1-8608640A2957}.Release|Any CPU.ActiveCfg = Release|Any CPU
		{8A41DBA1-B9D1-4928-B1A1-8608640A2957}.Release|Any CPU.Build.0 = Release|Any CPU
	EndGlobalSection
	GlobalSection(SolutionProperties) = preSolution
		HideSolutionNode = FALSE
	EndGlobalSection
	GlobalSection(ExtensibilityGlobals) = postSolution
		SolutionGuid = {DA21D9E4-E167-4991-85B6-1961B3941415}
	EndGlobalSection
EndGlobal
